{
  "object": {
    "pins": [
      {
        "package": "Cryptor",
        "repositoryURL": "https://github.com/IBM-Swift/BlueCryptor.git",
        "state": {
          "branch": null,
          "revision": "88fc6e132f41ece53e49acc0e4f67b0331c15b90",
          "version": "2.0.1"
        }
      },
      {
        "package": "SwiftAWSSignatureV4",
        "repositoryURL": "https://github.com/rnine/SwiftAWSSignatureV4.git",
        "state": {
          "branch": null,
          "revision": "e7433697ac16da7f6c054f815c5802a35da8e117",
          "version": "1.1.1"
        }
      }
    ]
  },
  "version": 1
}
