{
  "object": {
    "pins": [
      {
        "package": "Cryptor",
        "repositoryURL": "https://github.com/IBM-Swift/BlueCryptor.git",
        "state": {
          "branch": null,
          "revision": "ee5880e031da4c609f372cf7472476ab51d5dd19",
          "version": "1.0.200"
        }
      },
      {
        "package": "SwiftAWSSignatureV4",
        "repositoryURL": "https://github.com/CryptonautAI/SwiftAWSSignatureV4.git",
        "state": {
          "branch": null,
          "revision": "d8eec99e6c4885fa12b0904e988fefa08f158802",
          "version": "1.0.3"
        }
      }
    ]
  },
  "version": 1
}
